
Microsoft Visual Studio Solution File, Format Version 12.00
# Visual Studio Version 17
VisualStudioVersion = 17.6.33829.357
MinimumVisualStudioVersion = 10.0.40219.1
Project("{9A19103F-16F7-4668-BE54-9A1E7A4F7556}") = "03-Fitting Circle", "03-Fitting Circle\03-Fitting Circle.csproj", "{9773DC5C-6B96-4A4C-AC27-E5F7FD7D7890}"
EndProject
Project("{9A19103F-16F7-4668-BE54-9A1E7A4F7556}") = "02-Digit Problem", "02-Digit Problem\02-Digit Problem\02-Digit Problem.csproj", "{EB5457D4-B85E-4E05-B116-A45C8A00DF9B}"
EndProject
Project("{FAE04EC0-301F-11D3-BF4B-00C04F79EFBC}") = "05-Rain", "05-Rain\05-Rain.csproj", "{35880A89-D2AF-4D69-AA71-139CAD9A78F1}"
EndProject
Project("{FAE04EC0-301F-11D3-BF4B-00C04F79EFBC}") = "07- City Travel", "07- City Travel\07- City Travel.csproj", "{0DCC4CB8-EE92-4D5B-BEA0-7620A7439199}"
EndProject
Project("{FAE04EC0-301F-11D3-BF4B-00C04F79EFBC}") = "08-Distribute Chocolates", "08-Distribute Chocolates\08-Distribute Chocolates.csproj", "{CF681521-D07E-4A63-81F1-566D3DA09E77}"
EndProject
Project("{FAE04EC0-301F-11D3-BF4B-00C04F79EFBC}") = "09- Print hackerearth", "09- Print hackerearth\09- Print hackerearth.csproj", "{DA9B1517-35E1-42DF-B0FE-5AC57726359B}"
EndProject
Global
	GlobalSection(SolutionConfigurationPlatforms) = preSolution
		Debug|Any CPU = Debug|Any CPU
		Release|Any CPU = Release|Any CPU
	EndGlobalSection
	GlobalSection(ProjectConfigurationPlatforms) = postSolution
		{9773DC5C-6B96-4A4C-AC27-E5F7FD7D7890}.Debug|Any CPU.ActiveCfg = Debug|Any CPU
		{9773DC5C-6B96-4A4C-AC27-E5F7FD7D7890}.Debug|Any CPU.Build.0 = Debug|Any CPU
		{9773DC5C-6B96-4A4C-AC27-E5F7FD7D7890}.Release|Any CPU.ActiveCfg = Release|Any CPU
		{9773DC5C-6B96-4A4C-AC27-E5F7FD7D7890}.Release|Any CPU.Build.0 = Release|Any CPU
		{EB5457D4-B85E-4E05-B116-A45C8A00DF9B}.Debug|Any CPU.ActiveCfg = Debug|Any CPU
		{EB5457D4-B85E-4E05-B116-A45C8A00DF9B}.Debug|Any CPU.Build.0 = Debug|Any CPU
		{EB5457D4-B85E-4E05-B116-A45C8A00DF9B}.Release|Any CPU.ActiveCfg = Release|Any CPU
		{EB5457D4-B85E-4E05-B116-A45C8A00DF9B}.Release|Any CPU.Build.0 = Release|Any CPU
		{35880A89-D2AF-4D69-AA71-139CAD9A78F1}.Debug|Any CPU.ActiveCfg = Debug|Any CPU
		{35880A89-D2AF-4D69-AA71-139CAD9A78F1}.Debug|Any CPU.Build.0 = Debug|Any CPU
		{35880A89-D2AF-4D69-AA71-139CAD9A78F1}.Release|Any CPU.ActiveCfg = Release|Any CPU
		{35880A89-D2AF-4D69-AA71-139CAD9A78F1}.Release|Any CPU.Build.0 = Release|Any CPU
		{0DCC4CB8-EE92-4D5B-BEA0-7620A7439199}.Debug|Any CPU.ActiveCfg = Debug|Any CPU
		{0DCC4CB8-EE92-4D5B-BEA0-7620A7439199}.Debug|Any CPU.Build.0 = Debug|Any CPU
		{0DCC4CB8-EE92-4D5B-BEA0-7620A7439199}.Release|Any CPU.ActiveCfg = Release|Any CPU
		{0DCC4CB8-EE92-4D5B-BEA0-7620A7439199}.Release|Any CPU.Build.0 = Release|Any CPU
		{CF681521-D07E-4A63-81F1-566D3DA09E77}.Debug|Any CPU.ActiveCfg = Debug|Any CPU
		{CF681521-D07E-4A63-81F1-566D3DA09E77}.Debug|Any CPU.Build.0 = Debug|Any CPU
		{CF681521-D07E-4A63-81F1-566D3DA09E77}.Release|Any CPU.ActiveCfg = Release|Any CPU
		{CF681521-D07E-4A63-81F1-566D3DA09E77}.Release|Any CPU.Build.0 = Release|Any CPU
		{DA9B1517-35E1-42DF-B0FE-5AC57726359B}.Debug|Any CPU.ActiveCfg = Debug|Any CPU
		{DA9B1517-35E1-42DF-B0FE-5AC57726359B}.Debug|Any CPU.Build.0 = Debug|Any CPU
		{DA9B1517-35E1-42DF-B0FE-5AC57726359B}.Release|Any CPU.ActiveCfg = Release|Any CPU
		{DA9B1517-35E1-42DF-B0FE-5AC57726359B}.Release|Any CPU.Build.0 = Release|Any CPU
	EndGlobalSection
	GlobalSection(SolutionProperties) = preSolution
		HideSolutionNode = FALSE
	EndGlobalSection
	GlobalSection(ExtensibilityGlobals) = postSolution
		SolutionGuid = {157802B1-5A4A-4650-9EB5-EAFFABC8C54C}
	EndGlobalSection
EndGlobal
